
Microsoft Visual Studio Solution File, Format Version 12.00
# Visual Studio 2013
VisualStudioVersion = 12.0.40629.0
MinimumVisualStudioVersion = 10.0.40219.1
Project("{FAE04EC0-301F-11D3-BF4B-00C04F79EFBC}") = "TEST_EVERYTHING", "TEST_EVERYTHING\TEST_EVERYTHING.csproj", "{2EBE131A-FA83-45A5-AC3D-5A071E606D4D}"
EndProject
Global
	GlobalSection(SolutionConfigurationPlatforms) = preSolution
		Debug|Any CPU = Debug|Any CPU
		Release|Any CPU = Release|Any CPU
	EndGlobalSection
	GlobalSection(ProjectConfigurationPlatforms) = postSolution
		{2EBE131A-FA83-45A5-AC3D-5A071E606D4D}.Debug|Any CPU.ActiveCfg = Debug|Any CPU
		{2EBE131A-FA83-45A5-AC3D-5A071E606D4D}.Debug|Any CPU.Build.0 = Debug|Any CPU
		{2EBE131A-FA83-45A5-AC3D-5A071E606D4D}.Release|Any CPU.ActiveCfg = Release|Any CPU
		{2EBE131A-FA83-45A5-AC3D-5A071E606D4D}.Release|Any CPU.Build.0 = Release|Any CPU
	EndGlobalSection
	GlobalSection(SolutionProperties) = preSolution
		HideSolutionNode = FALSE
	EndGlobalSection
EndGlobal
